
Microsoft Visual Studio Solution File, Format Version 12.00
# Visual Studio Version 16
VisualStudioVersion = 16.0.31019.35
MinimumVisualStudioVersion = 10.0.40219.1
Project("{FAE04EC0-301F-11D3-BF4B-00C04F79EFBC}") = "cinema", "cinema.csproj", "{A3DB112F-F3B7-48A3-A641-C41289E622E0}"
EndProject
Global
	GlobalSection(SolutionConfigurationPlatforms) = preSolution
		Debug|Any CPU = Debug|Any CPU
		Release|Any CPU = Release|Any CPU
	EndGlobalSection
	GlobalSection(ProjectConfigurationPlatforms) = postSolution
		{A3DB112F-F3B7-48A3-A641-C41289E622E0}.Debug|Any CPU.ActiveCfg = Debug|Any CPU
		{A3DB112F-F3B7-48A3-A641-C41289E622E0}.Debug|Any CPU.Build.0 = Debug|Any CPU
		{A3DB112F-F3B7-48A3-A641-C41289E622E0}.Release|Any CPU.ActiveCfg = Release|Any CPU
		{A3DB112F-F3B7-48A3-A641-C41289E622E0}.Release|Any CPU.Build.0 = Release|Any CPU
	EndGlobalSection
	GlobalSection(SolutionProperties) = preSolution
		HideSolutionNode = FALSE
	EndGlobalSection
	GlobalSection(ExtensibilityGlobals) = postSolution
		SolutionGuid = {6A4151FA-7CCA-4152-87F0-9E9AD53EC54D}
	EndGlobalSection
EndGlobal
